
Microsoft Visual Studio Solution File, Format Version 12.00
# Visual Studio Version 16
VisualStudioVersion = 16.0.28705.295
MinimumVisualStudioVersion = 15.0.26124.0
Project("{9A19103F-16F7-4668-BE54-9A1E7A4F7556}") = "HWWebApi", "HWWebApi\HWWebApi.csproj", "{12C29D8E-4A2D-4BCF-AA30-52A2889671BA}"
EndProject
Project("{9A19103F-16F7-4668-BE54-9A1E7A4F7556}") = "HWWebApi.UnitTest", "HWWebApi.UnitTest\HWWebApi.UnitTest.csproj", "{12DDECAA-0271-4166-B507-BBF462ED2598}"
EndProject
Project("{9A19103F-16F7-4668-BE54-9A1E7A4F7556}") = "HWWebApi.IntegrationTest", "HWWebApi.IntegrationTests\HWWebApi.IntegrationTest.csproj", "{285F5609-368F-42A1-A1C8-966713304530}"
EndProject
Project("{9A19103F-16F7-4668-BE54-9A1E7A4F7556}") = "TestUtils", "TestUtils\TestUtils.csproj", "{91C5DDF1-4AA7-4AB2-978B-1CB10710E610}"
EndProject
Project("{9A19103F-16F7-4668-BE54-9A1E7A4F7556}") = "HW.Bot", "PersonalData.Bot\HW.Bot.csproj", "{9C4AE582-0A5C-4B8C-9768-6EA9A1469385}"
EndProject
Project("{9A19103F-16F7-4668-BE54-9A1E7A4F7556}") = "HW.Bot.UnitTests", "HW.Bot.UnitTests\HW.Bot.UnitTests.csproj", "{C9BA7801-9E2A-4A49-8B03-ACDDCF16E93F}"
EndProject
Project("{9A19103F-16F7-4668-BE54-9A1E7A4F7556}") = "Models", "Models\Models.csproj", "{77AF790A-50A0-4C5E-AE1F-BC31C9286A0B}"
EndProject
Project("{9A19103F-16F7-4668-BE54-9A1E7A4F7556}") = "ComputerUpgradeStrategies", "ComputerUpgradeStrategies\ComputerUpgradeStrategies.csproj", "{7A7B2275-5155-4829-B264-8D072D6B1883}"
EndProject
Project("{2150E333-8FDC-42A3-9474-1A3956D46DE8}") = "RecommendationAlgorithms", "RecommendationAlgorithms", "{319F76D9-068E-42A7-8D1E-334031DFDC87}"
EndProject
Project("{9A19103F-16F7-4668-BE54-9A1E7A4F7556}") = "Regression", "Regression\Regression.csproj", "{AD9377C2-B689-4438-9E28-DE1770974892}"
EndProject
Project("{FAE04EC0-301F-11D3-BF4B-00C04F79EFBC}") = "MultiRegressionTF", "RecommendationAlgorithms\MultiRegressionTF\MultiRegressionTF.csproj", "{B9A05E68-E3AF-43A3-86AD-B3CF43B19988}"
EndProject
Project("{2150E333-8FDC-42A3-9474-1A3956D46DE8}") = "Tests", "Tests", "{49632E91-E721-43C9-840E-7912B1622934}"
EndProject
Project("{2150E333-8FDC-42A3-9474-1A3956D46DE8}") = "RecommendationAlgorithmsTests", "RecommendationAlgorithmsTests", "{89BECB06-B508-463F-9094-457E8C8FA2D9}"
EndProject
Project("{FAE04EC0-301F-11D3-BF4B-00C04F79EFBC}") = "MultiRegressionTFTests", "Tests\RecommendationAlgorithmsTests\MultiRegressionTFTests\MultiRegressionTFTests.csproj", "{33F4E698-19B0-493C-BDBA-8E08AE4A0050}"
EndProject
Global
	GlobalSection(SolutionConfigurationPlatforms) = preSolution
		Debug|Any CPU = Debug|Any CPU
		Debug|x64 = Debug|x64
		Debug|x86 = Debug|x86
		Release|Any CPU = Release|Any CPU
		Release|x64 = Release|x64
		Release|x86 = Release|x86
	EndGlobalSection
	GlobalSection(ProjectConfigurationPlatforms) = postSolution
		{12C29D8E-4A2D-4BCF-AA30-52A2889671BA}.Debug|Any CPU.ActiveCfg = Debug|Any CPU
		{12C29D8E-4A2D-4BCF-AA30-52A2889671BA}.Debug|Any CPU.Build.0 = Debug|Any CPU
		{12C29D8E-4A2D-4BCF-AA30-52A2889671BA}.Debug|x64.ActiveCfg = Debug|Any CPU
		{12C29D8E-4A2D-4BCF-AA30-52A2889671BA}.Debug|x64.Build.0 = Debug|Any CPU
		{12C29D8E-4A2D-4BCF-AA30-52A2889671BA}.Debug|x86.ActiveCfg = Debug|Any CPU
		{12C29D8E-4A2D-4BCF-AA30-52A2889671BA}.Debug|x86.Build.0 = Debug|Any CPU
		{12C29D8E-4A2D-4BCF-AA30-52A2889671BA}.Release|Any CPU.ActiveCfg = Release|Any CPU
		{12C29D8E-4A2D-4BCF-AA30-52A2889671BA}.Release|Any CPU.Build.0 = Release|Any CPU
		{12C29D8E-4A2D-4BCF-AA30-52A2889671BA}.Release|x64.ActiveCfg = Release|Any CPU
		{12C29D8E-4A2D-4BCF-AA30-52A2889671BA}.Release|x64.Build.0 = Release|Any CPU
		{12C29D8E-4A2D-4BCF-AA30-52A2889671BA}.Release|x86.ActiveCfg = Release|Any CPU
		{12C29D8E-4A2D-4BCF-AA30-52A2889671BA}.Release|x86.Build.0 = Release|Any CPU
		{12DDECAA-0271-4166-B507-BBF462ED2598}.Debug|Any CPU.ActiveCfg = Debug|Any CPU
		{12DDECAA-0271-4166-B507-BBF462ED2598}.Debug|Any CPU.Build.0 = Debug|Any CPU
		{12DDECAA-0271-4166-B507-BBF462ED2598}.Debug|x64.ActiveCfg = Debug|Any CPU
		{12DDECAA-0271-4166-B507-BBF462ED2598}.Debug|x64.Build.0 = Debug|Any CPU
		{12DDECAA-0271-4166-B507-BBF462ED2598}.Debug|x86.ActiveCfg = Debug|Any CPU
		{12DDECAA-0271-4166-B507-BBF462ED2598}.Debug|x86.Build.0 = Debug|Any CPU
		{12DDECAA-0271-4166-B507-BBF462ED2598}.Release|Any CPU.ActiveCfg = Release|Any CPU
		{12DDECAA-0271-4166-B507-BBF462ED2598}.Release|Any CPU.Build.0 = Release|Any CPU
		{12DDECAA-0271-4166-B507-BBF462ED2598}.Release|x64.ActiveCfg = Release|Any CPU
		{12DDECAA-0271-4166-B507-BBF462ED2598}.Release|x64.Build.0 = Release|Any CPU
		{12DDECAA-0271-4166-B507-BBF462ED2598}.Release|x86.ActiveCfg = Release|Any CPU
		{12DDECAA-0271-4166-B507-BBF462ED2598}.Release|x86.Build.0 = Release|Any CPU
		{285F5609-368F-42A1-A1C8-966713304530}.Debug|Any CPU.ActiveCfg = Debug|Any CPU
		{285F5609-368F-42A1-A1C8-966713304530}.Debug|Any CPU.Build.0 = Debug|Any CPU
		{285F5609-368F-42A1-A1C8-966713304530}.Debug|x64.ActiveCfg = Debug|Any CPU
		{285F5609-368F-42A1-A1C8-966713304530}.Debug|x64.Build.0 = Debug|Any CPU
		{285F5609-368F-42A1-A1C8-966713304530}.Debug|x86.ActiveCfg = Debug|Any CPU
		{285F5609-368F-42A1-A1C8-966713304530}.Debug|x86.Build.0 = Debug|Any CPU
		{285F5609-368F-42A1-A1C8-966713304530}.Release|Any CPU.ActiveCfg = Release|Any CPU
		{285F5609-368F-42A1-A1C8-966713304530}.Release|Any CPU.Build.0 = Release|Any CPU
		{285F5609-368F-42A1-A1C8-966713304530}.Release|x64.ActiveCfg = Release|Any CPU
		{285F5609-368F-42A1-A1C8-966713304530}.Release|x64.Build.0 = Release|Any CPU
		{285F5609-368F-42A1-A1C8-966713304530}.Release|x86.ActiveCfg = Release|Any CPU
		{285F5609-368F-42A1-A1C8-966713304530}.Release|x86.Build.0 = Release|Any CPU
		{91C5DDF1-4AA7-4AB2-978B-1CB10710E610}.Debug|Any CPU.ActiveCfg = Debug|Any CPU
		{91C5DDF1-4AA7-4AB2-978B-1CB10710E610}.Debug|Any CPU.Build.0 = Debug|Any CPU
		{91C5DDF1-4AA7-4AB2-978B-1CB10710E610}.Debug|x64.ActiveCfg = Debug|Any CPU
		{91C5DDF1-4AA7-4AB2-978B-1CB10710E610}.Debug|x64.Build.0 = Debug|Any CPU
		{91C5DDF1-4AA7-4AB2-978B-1CB10710E610}.Debug|x86.ActiveCfg = Debug|Any CPU
		{91C5DDF1-4AA7-4AB2-978B-1CB10710E610}.Debug|x86.Build.0 = Debug|Any CPU
		{91C5DDF1-4AA7-4AB2-978B-1CB10710E610}.Release|Any CPU.ActiveCfg = Release|Any CPU
		{91C5DDF1-4AA7-4AB2-978B-1CB10710E610}.Release|Any CPU.Build.0 = Release|Any CPU
		{91C5DDF1-4AA7-4AB2-978B-1CB10710E610}.Release|x64.ActiveCfg = Release|Any CPU
		{91C5DDF1-4AA7-4AB2-978B-1CB10710E610}.Release|x64.Build.0 = Release|Any CPU
		{91C5DDF1-4AA7-4AB2-978B-1CB10710E610}.Release|x86.ActiveCfg = Release|Any CPU
		{91C5DDF1-4AA7-4AB2-978B-1CB10710E610}.Release|x86.Build.0 = Release|Any CPU
		{9C4AE582-0A5C-4B8C-9768-6EA9A1469385}.Debug|Any CPU.ActiveCfg = Debug|Any CPU
		{9C4AE582-0A5C-4B8C-9768-6EA9A1469385}.Debug|Any CPU.Build.0 = Debug|Any CPU
		{9C4AE582-0A5C-4B8C-9768-6EA9A1469385}.Debug|x64.ActiveCfg = Debug|Any CPU
		{9C4AE582-0A5C-4B8C-9768-6EA9A1469385}.Debug|x64.Build.0 = Debug|Any CPU
		{9C4AE582-0A5C-4B8C-9768-6EA9A1469385}.Debug|x86.ActiveCfg = Debug|Any CPU
		{9C4AE582-0A5C-4B8C-9768-6EA9A1469385}.Debug|x86.Build.0 = Debug|Any CPU
		{9C4AE582-0A5C-4B8C-9768-6EA9A1469385}.Release|Any CPU.ActiveCfg = Release|Any CPU
		{9C4AE582-0A5C-4B8C-9768-6EA9A1469385}.Release|Any CPU.Build.0 = Release|Any CPU
		{9C4AE582-0A5C-4B8C-9768-6EA9A1469385}.Release|x64.ActiveCfg = Release|Any CPU
		{9C4AE582-0A5C-4B8C-9768-6EA9A1469385}.Release|x64.Build.0 = Release|Any CPU
		{9C4AE582-0A5C-4B8C-9768-6EA9A1469385}.Release|x86.ActiveCfg = Release|Any CPU
		{9C4AE582-0A5C-4B8C-9768-6EA9A1469385}.Release|x86.Build.0 = Release|Any CPU
		{C9BA7801-9E2A-4A49-8B03-ACDDCF16E93F}.Debug|Any CPU.ActiveCfg = Debug|Any CPU
		{C9BA7801-9E2A-4A49-8B03-ACDDCF16E93F}.Debug|Any CPU.Build.0 = Debug|Any CPU
		{C9BA7801-9E2A-4A49-8B03-ACDDCF16E93F}.Debug|x64.ActiveCfg = Debug|Any CPU
		{C9BA7801-9E2A-4A49-8B03-ACDDCF16E93F}.Debug|x64.Build.0 = Debug|Any CPU
		{C9BA7801-9E2A-4A49-8B03-ACDDCF16E93F}.Debug|x86.ActiveCfg = Debug|Any CPU
		{C9BA7801-9E2A-4A49-8B03-ACDDCF16E93F}.Debug|x86.Build.0 = Debug|Any CPU
		{C9BA7801-9E2A-4A49-8B03-ACDDCF16E93F}.Release|Any CPU.ActiveCfg = Release|Any CPU
		{C9BA7801-9E2A-4A49-8B03-ACDDCF16E93F}.Release|Any CPU.Build.0 = Release|Any CPU
		{C9BA7801-9E2A-4A49-8B03-ACDDCF16E93F}.Release|x64.ActiveCfg = Release|Any CPU
		{C9BA7801-9E2A-4A49-8B03-ACDDCF16E93F}.Release|x64.Build.0 = Release|Any CPU
		{C9BA7801-9E2A-4A49-8B03-ACDDCF16E93F}.Release|x86.ActiveCfg = Release|Any CPU
		{C9BA7801-9E2A-4A49-8B03-ACDDCF16E93F}.Release|x86.Build.0 = Release|Any CPU
		{77AF790A-50A0-4C5E-AE1F-BC31C9286A0B}.Debug|Any CPU.ActiveCfg = Debug|Any CPU
		{77AF790A-50A0-4C5E-AE1F-BC31C9286A0B}.Debug|Any CPU.Build.0 = Debug|Any CPU
		{77AF790A-50A0-4C5E-AE1F-BC31C9286A0B}.Debug|x64.ActiveCfg = Debug|Any CPU
		{77AF790A-50A0-4C5E-AE1F-BC31C9286A0B}.Debug|x64.Build.0 = Debug|Any CPU
		{77AF790A-50A0-4C5E-AE1F-BC31C9286A0B}.Debug|x86.ActiveCfg = Debug|Any CPU
		{77AF790A-50A0-4C5E-AE1F-BC31C9286A0B}.Debug|x86.Build.0 = Debug|Any CPU
		{77AF790A-50A0-4C5E-AE1F-BC31C9286A0B}.Release|Any CPU.ActiveCfg = Release|Any CPU
		{77AF790A-50A0-4C5E-AE1F-BC31C9286A0B}.Release|Any CPU.Build.0 = Release|Any CPU
		{77AF790A-50A0-4C5E-AE1F-BC31C9286A0B}.Release|x64.ActiveCfg = Release|Any CPU
		{77AF790A-50A0-4C5E-AE1F-BC31C9286A0B}.Release|x64.Build.0 = Release|Any CPU
		{77AF790A-50A0-4C5E-AE1F-BC31C9286A0B}.Release|x86.ActiveCfg = Release|Any CPU
		{77AF790A-50A0-4C5E-AE1F-BC31C9286A0B}.Release|x86.Build.0 = Release|Any CPU
		{7A7B2275-5155-4829-B264-8D072D6B1883}.Debug|Any CPU.ActiveCfg = Debug|Any CPU
		{7A7B2275-5155-4829-B264-8D072D6B1883}.Debug|Any CPU.Build.0 = Debug|Any CPU
		{7A7B2275-5155-4829-B264-8D072D6B1883}.Debug|x64.ActiveCfg = Debug|Any CPU
		{7A7B2275-5155-4829-B264-8D072D6B1883}.Debug|x64.Build.0 = Debug|Any CPU
		{7A7B2275-5155-4829-B264-8D072D6B1883}.Debug|x86.ActiveCfg = Debug|Any CPU
		{7A7B2275-5155-4829-B264-8D072D6B1883}.Debug|x86.Build.0 = Debug|Any CPU
		{7A7B2275-5155-4829-B264-8D072D6B1883}.Release|Any CPU.ActiveCfg = Release|Any CPU
		{7A7B2275-5155-4829-B264-8D072D6B1883}.Release|Any CPU.Build.0 = Release|Any CPU
		{7A7B2275-5155-4829-B264-8D072D6B1883}.Release|x64.ActiveCfg = Release|Any CPU
		{7A7B2275-5155-4829-B264-8D072D6B1883}.Release|x64.Build.0 = Release|Any CPU
		{7A7B2275-5155-4829-B264-8D072D6B1883}.Release|x86.ActiveCfg = Release|Any CPU
		{7A7B2275-5155-4829-B264-8D072D6B1883}.Release|x86.Build.0 = Release|Any CPU
		{AD9377C2-B689-4438-9E28-DE1770974892}.Debug|Any CPU.ActiveCfg = Debug|Any CPU
		{AD9377C2-B689-4438-9E28-DE1770974892}.Debug|Any CPU.Build.0 = Debug|Any CPU
		{AD9377C2-B689-4438-9E28-DE1770974892}.Debug|x64.ActiveCfg = Debug|Any CPU
		{AD9377C2-B689-4438-9E28-DE1770974892}.Debug|x64.Build.0 = Debug|Any CPU
		{AD9377C2-B689-4438-9E28-DE1770974892}.Debug|x86.ActiveCfg = Debug|Any CPU
		{AD9377C2-B689-4438-9E28-DE1770974892}.Debug|x86.Build.0 = Debug|Any CPU
		{AD9377C2-B689-4438-9E28-DE1770974892}.Release|Any CPU.ActiveCfg = Release|Any CPU
		{AD9377C2-B689-4438-9E28-DE1770974892}.Release|Any CPU.Build.0 = Release|Any CPU
		{AD9377C2-B689-4438-9E28-DE1770974892}.Release|x64.ActiveCfg = Release|Any CPU
		{AD9377C2-B689-4438-9E28-DE1770974892}.Release|x64.Build.0 = Release|Any CPU
		{AD9377C2-B689-4438-9E28-DE1770974892}.Release|x86.ActiveCfg = Release|Any CPU
		{AD9377C2-B689-4438-9E28-DE1770974892}.Release|x86.Build.0 = Release|Any CPU
		{B9A05E68-E3AF-43A3-86AD-B3CF43B19988}.Debug|Any CPU.ActiveCfg = Debug|Any CPU
		{B9A05E68-E3AF-43A3-86AD-B3CF43B19988}.Debug|Any CPU.Build.0 = Debug|Any CPU
		{B9A05E68-E3AF-43A3-86AD-B3CF43B19988}.Debug|x64.ActiveCfg = Debug|Any CPU
		{B9A05E68-E3AF-43A3-86AD-B3CF43B19988}.Debug|x64.Build.0 = Debug|Any CPU
		{B9A05E68-E3AF-43A3-86AD-B3CF43B19988}.Debug|x86.ActiveCfg = Debug|Any CPU
		{B9A05E68-E3AF-43A3-86AD-B3CF43B19988}.Debug|x86.Build.0 = Debug|Any CPU
		{B9A05E68-E3AF-43A3-86AD-B3CF43B19988}.Release|Any CPU.ActiveCfg = Release|Any CPU
		{B9A05E68-E3AF-43A3-86AD-B3CF43B19988}.Release|Any CPU.Build.0 = Release|Any CPU
		{B9A05E68-E3AF-43A3-86AD-B3CF43B19988}.Release|x64.ActiveCfg = Release|Any CPU
		{B9A05E68-E3AF-43A3-86AD-B3CF43B19988}.Release|x64.Build.0 = Release|Any CPU
		{B9A05E68-E3AF-43A3-86AD-B3CF43B19988}.Release|x86.ActiveCfg = Release|Any CPU
		{B9A05E68-E3AF-43A3-86AD-B3CF43B19988}.Release|x86.Build.0 = Release|Any CPU
		{33F4E698-19B0-493C-BDBA-8E08AE4A0050}.Debug|Any CPU.ActiveCfg = Debug|Any CPU
		{33F4E698-19B0-493C-BDBA-8E08AE4A0050}.Debug|Any CPU.Build.0 = Debug|Any CPU
		{33F4E698-19B0-493C-BDBA-8E08AE4A0050}.Debug|x64.ActiveCfg = Debug|Any CPU
		{33F4E698-19B0-493C-BDBA-8E08AE4A0050}.Debug|x64.Build.0 = Debug|Any CPU
		{33F4E698-19B0-493C-BDBA-8E08AE4A0050}.Debug|x86.ActiveCfg = Debug|Any CPU
		{33F4E698-19B0-493C-BDBA-8E08AE4A0050}.Debug|x86.Build.0 = Debug|Any CPU
		{33F4E698-19B0-493C-BDBA-8E08AE4A0050}.Release|Any CPU.ActiveCfg = Release|Any CPU
		{33F4E698-19B0-493C-BDBA-8E08AE4A0050}.Release|Any CPU.Build.0 = Release|Any CPU
		{33F4E698-19B0-493C-BDBA-8E08AE4A0050}.Release|x64.ActiveCfg = Release|Any CPU
		{33F4E698-19B0-493C-BDBA-8E08AE4A0050}.Release|x64.Build.0 = Release|Any CPU
		{33F4E698-19B0-493C-BDBA-8E08AE4A0050}.Release|x86.ActiveCfg = Release|Any CPU
		{33F4E698-19B0-493C-BDBA-8E08AE4A0050}.Release|x86.Build.0 = Release|Any CPU
	EndGlobalSection
	GlobalSection(SolutionProperties) = preSolution
		HideSolutionNode = FALSE
	EndGlobalSection
	GlobalSection(NestedProjects) = preSolution
		{AD9377C2-B689-4438-9E28-DE1770974892} = {319F76D9-068E-42A7-8D1E-334031DFDC87}
		{B9A05E68-E3AF-43A3-86AD-B3CF43B19988} = {319F76D9-068E-42A7-8D1E-334031DFDC87}
		{89BECB06-B508-463F-9094-457E8C8FA2D9} = {49632E91-E721-43C9-840E-7912B1622934}
		{33F4E698-19B0-493C-BDBA-8E08AE4A0050} = {89BECB06-B508-463F-9094-457E8C8FA2D9}
	EndGlobalSection
	GlobalSection(ExtensibilityGlobals) = postSolution
		SolutionGuid = {DF23D904-2AB4-4F3E-9D55-3C4F9D2400C1}
	EndGlobalSection
EndGlobal
